# This file is autogenerated, do not edit; changes may be undone by the next 'dep ensure'.


[[projects]]
  name = "github.com/garyburd/redigo"
  packages = ["internal","redis"]
  revision = "433969511232c397de61b1442f9fd49ec06ae9ba"
  version = "v1.1.0"

[[projects]]
  name = "github.com/go-sql-driver/mysql"
  packages = ["."]
  revision = "a0583e0143b1624142adab07e0e97fe106d99561"
  version = "v1.3"

[[projects]]
  name = "github.com/k0kubun/pp"
  packages = ["."]
  revision = "027a6d1765d673d337e687394dbe780dd64e2a1e"
  version = "v2.3.0"

[[projects]]
  name = "github.com/mattn/go-colorable"
  packages = ["."]
  revision = "167de6bfdfba052fa6b2d3664c8f5272e23c9072"
  version = "v0.0.9"

[[projects]]
  name = "github.com/mattn/go-isatty"
  packages = ["."]
  revision = "fc9e8d8ef48496124e79ae0df75490096eccf6fe"
  version = "v0.0.2"

[[projects]]
  name = "github.com/pkg/errors"
  packages = ["."]
  revision = "645ef00459ed84a119197bfb8d8205042c6df63d"
  version = "v0.8.0"

[[projects]]
  name = "github.com/satori/go.uuid"
  packages = ["."]
  revision = "879c5887cd475cd7864858769793b2ceb0d44feb"
  version = "v1.1.0"

[[projects]]
  branch = "master"
  name = "github.com/takashabe/go-fixture"
  packages = [".","mysql"]
  revision = "b49815f9e2d103367791be3eade174a4f7b20460"

[[projects]]
  branch = "master"
  name = "github.com/takashabe/go-message-queue"
  packages = ["client","datastore","models","server","stats"]
  revision = "c024dff70d5acb39b9f253fe6e04360e4a9787e3"

[[projects]]
  branch = "master"
  name = "github.com/takashabe/go-metrics"
  packages = ["collect","forward"]
  revision = "ef674649cbe10b674451bc7db8da6a00448b1833"

[[projects]]
  branch = "master"
  name = "github.com/takashabe/go-router"
  packages = ["."]
  revision = "51eb62e3acb5ef5b1831667ba06cb0c9ae8c7c8e"

[[projects]]
  branch = "master"
  name = "github.com/takashabe/go-session"
  packages = [".","memory"]
  revision = "ba27ca1aecae81216feba7bea4d108fba8a4edea"

[[projects]]
  branch = "master"
  name = "golang.org/x/sys"
  packages = ["unix"]
  revision = "062cd7e4e68206d8bab9b18396626e855c992658"

[[projects]]
  branch = "v2"
  name = "gopkg.in/yaml.v2"
  packages = ["."]
  revision = "eb3733d160e74a9c7e442f435eb3bea458e1d19f"

[solve-meta]
  analyzer-name = "dep"
  analyzer-version = 1
  inputs-digest = "f21c9ebdd982a3fa84f8a0d409b616624a7464d534bd5afdd4e792dc23d2bdfe"
  solver-name = "gps-cdcl"
  solver-version = 1
